{
  "lib/forge-std": {
    "tag": {
      "name": "v1.15.0",
      "rev": "0844d7e1fc5e60d77b68e469bff60265f236c398"
    }
  },
  "lib/skale-rng": {
    "rev": "554febffc1070f8b0311d42bc566a6ef7692d35e"
  },
  "lib-skale-rng": {
    "rev": "554febffc1070f8b0311d42bc566a6ef7692d35e"
  },
  "skale-rng": {
    "rev": "554febffc1070f8b0311d42bc566a6ef7692d35e"
  }
}